// !$*UTF8*$!
{
	archiveVersion = 1;
	classes = {
	};
	objectVersion = 50;
	objects = {

/* Begin PBXBuildFile section */
		1D102341225D1A98000A33DF /* AppDelegate.swift in Sources */ = {isa = PBXBuildFile; fileRef = 1D102340225D1A98000A33DF /* AppDelegate.swift */; };
		1D102343225D1A98000A33DF /* ViewController.swift in Sources */ = {isa = PBXBuildFile; fileRef = 1D102342225D1A98000A33DF /* ViewController.swift */; };
		1D102346225D1A98000A33DF /* Main.storyboard in Resources */ = {isa = PBXBuildFile; fileRef = 1D102344225D1A98000A33DF /* Main.storyboard */; };
		1D102348225D1A99000A33DF /* Assets.xcassets in Resources */ = {isa = PBXBuildFile; fileRef = 1D102347225D1A99000A33DF /* Assets.xcassets */; };
		1D10234B225D1A99000A33DF /* LaunchScreen.storyboard in Resources */ = {isa = PBXBuildFile; fileRef = 1D102349225D1A99000A33DF /* LaunchScreen.storyboard */; };
		1D5B9CEC226FF2EC0071546A /* RoundedButton.swift in Sources */ = {isa = PBXBuildFile; fileRef = 1D5B9CEB226FF2EC0071546A /* RoundedButton.swift */; };
		1D70246E225D481100B09244 /* pokemon.json in Resources */ = {isa = PBXBuildFile; fileRef = 1D70246D225D481000B09244 /* pokemon.json */; };
		1D73DB19225FC4A1001B7521 /* Pokemon.swift in Sources */ = {isa = PBXBuildFile; fileRef = 1D73DB18225FC4A1001B7521 /* Pokemon.swift */; };
		1D73DB1C225FC4E1001B7521 /* CollectionViewCell.swift in Sources */ = {isa = PBXBuildFile; fileRef = 1D73DB1A225FC4E1001B7521 /* CollectionViewCell.swift */; };
		1D73DB1D225FC4E1001B7521 /* CollectionViewCell.xib in Resources */ = {isa = PBXBuildFile; fileRef = 1D73DB1B225FC4E1001B7521 /* CollectionViewCell.xib */; };
		1DA1165C227234F4006BDD8D /* types-map.swift in Sources */ = {isa = PBXBuildFile; fileRef = 1DA1165B227234F4006BDD8D /* types-map.swift */; };
		2262C819226F8D090003C8D8 /* PartyViewController.swift in Sources */ = {isa = PBXBuildFile; fileRef = 2262C818226F8D090003C8D8 /* PartyViewController.swift */; };
		2262C81B226F8F710003C8D8 /* PartyData.swift in Sources */ = {isa = PBXBuildFile; fileRef = 2262C81A226F8F710003C8D8 /* PartyData.swift */; };
/* End PBXBuildFile section */

/* Begin PBXFileReference section */
		1D10233D225D1A98000A33DF /* pokemon-team-builder.app */ = {isa = PBXFileReference; explicitFileType = wrapper.application; includeInIndex = 0; path = "pokemon-team-builder.app"; sourceTree = BUILT_PRODUCTS_DIR; };
		1D102340225D1A98000A33DF /* AppDelegate.swift */ = {isa = PBXFileReference; lastKnownFileType = sourcecode.swift; path = AppDelegate.swift; sourceTree = "<group>"; };
		1D102342225D1A98000A33DF /* ViewController.swift */ = {isa = PBXFileReference; lastKnownFileType = sourcecode.swift; path = ViewController.swift; sourceTree = "<group>"; };
		1D102345225D1A98000A33DF /* Base */ = {isa = PBXFileReference; lastKnownFileType = file.storyboard; name = Base; path = Base.lproj/Main.storyboard; sourceTree = "<group>"; };
		1D102347225D1A99000A33DF /* Assets.xcassets */ = {isa = PBXFileReference; lastKnownFileType = folder.assetcatalog; path = Assets.xcassets; sourceTree = "<group>"; };
		1D10234A225D1A99000A33DF /* Base */ = {isa = PBXFileReference; lastKnownFileType = file.storyboard; name = Base; path = Base.lproj/LaunchScreen.storyboard; sourceTree = "<group>"; };
		1D10234C225D1A99000A33DF /* Info.plist */ = {isa = PBXFileReference; lastKnownFileType = text.plist.xml; path = Info.plist; sourceTree = "<group>"; };
		1D5B9CEB226FF2EC0071546A /* RoundedButton.swift */ = {isa = PBXFileReference; lastKnownFileType = sourcecode.swift; path = RoundedButton.swift; sourceTree = "<group>"; };
		1D70246D225D481000B09244 /* pokemon.json */ = {isa = PBXFileReference; fileEncoding = 4; lastKnownFileType = text.json; name = pokemon.json; path = ../../pokemon.json; sourceTree = "<group>"; };
		1D73DB18225FC4A1001B7521 /* Pokemon.swift */ = {isa = PBXFileReference; lastKnownFileType = sourcecode.swift; path = Pokemon.swift; sourceTree = SOURCE_ROOT; };
		1D73DB1A225FC4E1001B7521 /* CollectionViewCell.swift */ = {isa = PBXFileReference; lastKnownFileType = sourcecode.swift; path = CollectionViewCell.swift; sourceTree = "<group>"; };
		1D73DB1B225FC4E1001B7521 /* CollectionViewCell.xib */ = {isa = PBXFileReference; lastKnownFileType = file.xib; path = CollectionViewCell.xib; sourceTree = "<group>"; };
		1DA1165B227234F4006BDD8D /* types-map.swift */ = {isa = PBXFileReference; lastKnownFileType = sourcecode.swift; path = "types-map.swift"; sourceTree = "<group>"; };
		2262C818226F8D090003C8D8 /* PartyViewController.swift */ = {isa = PBXFileReference; lastKnownFileType = sourcecode.swift; path = PartyViewController.swift; sourceTree = "<group>"; };
		2262C81A226F8F710003C8D8 /* PartyData.swift */ = {isa = PBXFileReference; lastKnownFileType = sourcecode.swift; path = PartyData.swift; sourceTree = "<group>"; };
/* End PBXFileReference section */

/* Begin PBXFrameworksBuildPhase section */
		1D10233A225D1A98000A33DF /* Frameworks */ = {
			isa = PBXFrameworksBuildPhase;
			buildActionMask = 2147483647;
			files = (
			);
			runOnlyForDeploymentPostprocessing = 0;
		};
/* End PBXFrameworksBuildPhase section */

/* Begin PBXGroup section */
		1D102334225D1A98000A33DF = {
			isa = PBXGroup;
			children = (
				1D10233F225D1A98000A33DF /* pokemon-team-builder */,
				1D10233E225D1A98000A33DF /* Products */,
			);
			sourceTree = "<group>";
		};
		1D10233E225D1A98000A33DF /* Products */ = {
			isa = PBXGroup;
			children = (
				1D10233D225D1A98000A33DF /* pokemon-team-builder.app */,
			);
			name = Products;
			sourceTree = "<group>";
		};
		1D10233F225D1A98000A33DF /* pokemon-team-builder */ = {
			isa = PBXGroup;
			children = (
				1DA1165B227234F4006BDD8D /* types-map.swift */,
				1D73DB1A225FC4E1001B7521 /* CollectionViewCell.swift */,
				1D73DB1B225FC4E1001B7521 /* CollectionViewCell.xib */,
				1D102340225D1A98000A33DF /* AppDelegate.swift */,
				1D102342225D1A98000A33DF /* ViewController.swift */,
				2262C81A226F8F710003C8D8 /* PartyData.swift */,
				2262C818226F8D090003C8D8 /* PartyViewController.swift */,
				1D102344225D1A98000A33DF /* Main.storyboard */,
				1D5B9CEB226FF2EC0071546A /* RoundedButton.swift */,
				1D73DB18225FC4A1001B7521 /* Pokemon.swift */,
				1D102347225D1A99000A33DF /* Assets.xcassets */,
				1D102349225D1A99000A33DF /* LaunchScreen.storyboard */,
				1D10234C225D1A99000A33DF /* Info.plist */,
				1D70246D225D481000B09244 /* pokemon.json */,
			);
			path = "pokemon-team-builder";
			sourceTree = "<group>";
		};
/* End PBXGroup section */

/* Begin PBXNativeTarget section */
		1D10233C225D1A98000A33DF /* pokemon-team-builder */ = {
			isa = PBXNativeTarget;
			buildConfigurationList = 1D10234F225D1A99000A33DF /* Build configuration list for PBXNativeTarget "pokemon-team-builder" */;
			buildPhases = (
				1D102339225D1A98000A33DF /* Sources */,
				1D10233A225D1A98000A33DF /* Frameworks */,
				1D10233B225D1A98000A33DF /* Resources */,
			);
			buildRules = (
			);
			dependencies = (
			);
			name = "pokemon-team-builder";
			productName = "pokemon-team-builder";
			productReference = 1D10233D225D1A98000A33DF /* pokemon-team-builder.app */;
			productType = "com.apple.product-type.application";
		};
/* End PBXNativeTarget section */

/* Begin PBXProject section */
		1D102335225D1A98000A33DF /* Project object */ = {
			isa = PBXProject;
			attributes = {
				LastSwiftUpdateCheck = 1010;
				LastUpgradeCheck = 1010;
				ORGANIZATIONNAME = "Judah Goff";
				TargetAttributes = {
					1D10233C225D1A98000A33DF = {
						CreatedOnToolsVersion = 10.1;
					};
				};
			};
			buildConfigurationList = 1D102338225D1A98000A33DF /* Build configuration list for PBXProject "pokemon-team-builder" */;
			compatibilityVersion = "Xcode 9.3";
			developmentRegion = en;
			hasScannedForEncodings = 0;
			knownRegions = (
				en,
				Base,
			);
			mainGroup = 1D102334225D1A98000A33DF;
			productRefGroup = 1D10233E225D1A98000A33DF /* Products */;
			projectDirPath = "";
			projectRoot = "";
			targets = (
				1D10233C225D1A98000A33DF /* pokemon-team-builder */,
			);
		};
/* End PBXProject section */

/* Begin PBXResourcesBuildPhase section */
		1D10233B225D1A98000A33DF /* Resources */ = {
			isa = PBXResourcesBuildPhase;
			buildActionMask = 2147483647;
			files = (
				1D10234B225D1A99000A33DF /* LaunchScreen.storyboard in Resources */,
				1D102348225D1A99000A33DF /* Assets.xcassets in Resources */,
				1D102346225D1A98000A33DF /* Main.storyboard in Resources */,
				1D70246E225D481100B09244 /* pokemon.json in Resources */,
				1D73DB1D225FC4E1001B7521 /* CollectionViewCell.xib in Resources */,
			);
			runOnlyForDeploymentPostprocessing = 0;
		};
/* End PBXResourcesBuildPhase section */

/* Begin PBXSourcesBuildPhase section */
		1D102339225D1A98000A33DF /* Sources */ = {
			isa = PBXSourcesBuildPhase;
			buildActionMask = 2147483647;
			files = (
				1D102343225D1A98000A33DF /* ViewController.swift in Sources */,
				1D73DB19225FC4A1001B7521 /* Pokemon.swift in Sources */,
				1DA1165C227234F4006BDD8D /* types-map.swift in Sources */,
				2262C81B226F8F710003C8D8 /* PartyData.swift in Sources */,
				1D73DB1C225FC4E1001B7521 /* CollectionViewCell.swift in Sources */,
				1D5B9CEC226FF2EC0071546A /* RoundedButton.swift in Sources */,
				1D102341225D1A98000A33DF /* AppDelegate.swift in Sources */,
				2262C819226F8D090003C8D8 /* PartyViewController.swift in Sources */,
			);
			runOnlyForDeploymentPostprocessing = 0;
		};
/* End PBXSourcesBuildPhase section */

/* Begin PBXVariantGroup section */
		1D102344225D1A98000A33DF /* Main.storyboard */ = {
			isa = PBXVariantGroup;
			children = (
				1D102345225D1A98000A33DF /* Base */,
			);
			name = Main.storyboard;
			sourceTree = "<group>";
		};
		1D102349225D1A99000A33DF /* LaunchScreen.storyboard */ = {
			isa = PBXVariantGroup;
			children = (
				1D10234A225D1A99000A33DF /* Base */,
			);
			name = LaunchScreen.storyboard;
			sourceTree = "<group>";
		};
/* End PBXVariantGroup section */

/* Begin XCBuildConfiguration section */
		1D10234D225D1A99000A33DF /* Debug */ = {
			isa = XCBuildConfiguration;
			buildSettings = {
				ALWAYS_SEARCH_USER_PATHS = NO;
				CLANG_ANALYZER_NONNULL = YES;
				CLANG_ANALYZER_NUMBER_OBJECT_CONVERSION = YES_AGGRESSIVE;
				CLANG_CXX_LANGUAGE_STANDARD = "gnu++14";
				CLANG_CXX_LIBRARY = "libc++";
				CLANG_ENABLE_MODULES = YES;
				CLANG_ENABLE_OBJC_ARC = YES;
				CLANG_ENABLE_OBJC_WEAK = YES;
				CLANG_WARN_BLOCK_CAPTURE_AUTORELEASING = YES;
				CLANG_WARN_BOOL_CONVERSION = YES;
				CLANG_WARN_COMMA = YES;
				CLANG_WARN_CONSTANT_CONVERSION = YES;
				CLANG_WARN_DEPRECATED_OBJC_IMPLEMENTATIONS = YES;
				CLANG_WARN_DIRECT_OBJC_ISA_USAGE = YES_ERROR;
				CLANG_WARN_DOCUMENTATION_COMMENTS = YES;
				CLANG_WARN_EMPTY_BODY = YES;
				CLANG_WARN_ENUM_CONVERSION = YES;
				CLANG_WARN_INFINITE_RECURSION = YES;
				CLANG_WARN_INT_CONVERSION = YES;
				CLANG_WARN_NON_LITERAL_NULL_CONVERSION = YES;
				CLANG_WARN_OBJC_IMPLICIT_RETAIN_SELF = YES;
				CLANG_WARN_OBJC_LITERAL_CONVERSION = YES;
				CLANG_WARN_OBJC_ROOT_CLASS = YES_ERROR;
				CLANG_WARN_RANGE_LOOP_ANALYSIS = YES;
				CLANG_WARN_STRICT_PROTOTYPES = YES;
				CLANG_WARN_SUSPICIOUS_MOVE = YES;
				CLANG_WARN_UNGUARDED_AVAILABILITY = YES_AGGRESSIVE;
				CLANG_WARN_UNREACHABLE_CODE = YES;
				CLANG_WARN__DUPLICATE_METHOD_MATCH = YES;
				CODE_SIGN_IDENTITY = "iPhone Developer";
				COPY_PHASE_STRIP = NO;
				DEBUG_INFORMATION_FORMAT = dwarf;
				ENABLE_STRICT_OBJC_MSGSEND = YES;
				ENABLE_TESTABILITY = YES;
				GCC_C_LANGUAGE_STANDARD = gnu11;
				GCC_DYNAMIC_NO_PIC = NO;
				GCC_NO_COMMON_BLOCKS = YES;
				GCC_OPTIMIZATION_LEVEL = 0;
				GCC_PREPROCESSOR_DEFINITIONS = (
					"DEBUG=1",
					"$(inherited)",
				);
				GCC_WARN_64_TO_32_BIT_CONVERSION = YES;
				GCC_WARN_ABOUT_RETURN_TYPE = YES_ERROR;
				GCC_WARN_UNDECLARED_SELECTOR = YES;
				GCC_WARN_UNINITIALIZED_AUTOS = YES_AGGRESSIVE;
				GCC_WARN_UNUSED_FUNCTION = YES;
				GCC_WARN_UNUSED_VARIABLE = YES;
				IPHONEOS_DEPLOYMENT_TARGET = 12.1;
				MTL_ENABLE_DEBUG_INFO = INCLUDE_SOURCE;
				MTL_FAST_MATH = YES;
				ONLY_ACTIVE_ARCH = YES;
				SDKROOT = iphoneos;
				SWIFT_ACTIVE_COMPILATION_CONDITIONS = DEBUG;
				SWIFT_OPTIMIZATION_LEVEL = "-Onone";
			};
			name = Debug;
		};
		1D10234E225D1A99000A33DF /* Release */ = {
			isa = XCBuildConfiguration;
			buildSettings = {
				ALWAYS_SEARCH_USER_PATHS = NO;
				CLANG_ANALYZER_NONNULL = YES;
				CLANG_ANALYZER_NUMBER_OBJECT_CONVERSION = YES_AGGRESSIVE;
				CLANG_CXX_LANGUAGE_STANDARD = "gnu++14";
				CLANG_CXX_LIBRARY = "libc++";
				CLANG_ENABLE_MODULES = YES;
				CLANG_ENABLE_OBJC_ARC = YES;
				CLANG_ENABLE_OBJC_WEAK = YES;
				CLANG_WARN_BLOCK_CAPTURE_AUTORELEASING = YES;
				CLANG_WARN_BOOL_CONVERSION = YES;
				CLANG_WARN_COMMA = YES;
				CLANG_WARN_CONSTANT_CONVERSION = YES;
				CLANG_WARN_DEPRECATED_OBJC_IMPLEMENTATIONS = YES;
				CLANG_WARN_DIRECT_OBJC_ISA_USAGE = YES_ERROR;
				CLANG_WARN_DOCUMENTATION_COMMENTS = YES;
				CLANG_WARN_EMPTY_BODY = YES;
				CLANG_WARN_ENUM_CONVERSION = YES;
				CLANG_WARN_INFINITE_RECURSION = YES;
				CLANG_WARN_INT_CONVERSION = YES;
				CLANG_WARN_NON_LITERAL_NULL_CONVERSION = YES;
				CLANG_WARN_OBJC_IMPLICIT_RETAIN_SELF = YES;
				CLANG_WARN_OBJC_LITERAL_CONVERSION = YES;
				CLANG_WARN_OBJC_ROOT_CLASS = YES_ERROR;
				CLANG_WARN_RANGE_LOOP_ANALYSIS = YES;
				CLANG_WARN_STRICT_PROTOTYPES = YES;
				CLANG_WARN_SUSPICIOUS_MOVE = YES;
				CLANG_WARN_UNGUARDED_AVAILABILITY = YES_AGGRESSIVE;
				CLANG_WARN_UNREACHABLE_CODE = YES;
				CLANG_WARN__DUPLICATE_METHOD_MATCH = YES;
				CODE_SIGN_IDENTITY = "iPhone Developer";
				COPY_PHASE_STRIP = NO;
				DEBUG_INFORMATION_FORMAT = "dwarf-with-dsym";
				ENABLE_NS_ASSERTIONS = NO;
				ENABLE_STRICT_OBJC_MSGSEND = YES;
				GCC_C_LANGUAGE_STANDARD = gnu11;
				GCC_NO_COMMON_BLOCKS = YES;
				GCC_WARN_64_TO_32_BIT_CONVERSION = YES;
				GCC_WARN_ABOUT_RETURN_TYPE = YES_ERROR;
				GCC_WARN_UNDECLARED_SELECTOR = YES;
				GCC_WARN_UNINITIALIZED_AUTOS = YES_AGGRESSIVE;
				GCC_WARN_UNUSED_FUNCTION = YES;
				GCC_WARN_UNUSED_VARIABLE = YES;
				IPHONEOS_DEPLOYMENT_TARGET = 12.1;
				MTL_ENABLE_DEBUG_INFO = NO;
				MTL_FAST_MATH = YES;
				SDKROOT = iphoneos;
				SWIFT_COMPILATION_MODE = wholemodule;
				SWIFT_OPTIMIZATION_LEVEL = "-O";
				VALIDATE_PRODUCT = YES;
			};
			name = Release;
		};
		1D102350225D1A99000A33DF /* Debug */ = {
			isa = XCBuildConfiguration;
			buildSettings = {
				ASSETCATALOG_COMPILER_APPICON_NAME = AppIcon;
				CODE_SIGN_STYLE = Automatic;
				DEVELOPMENT_TEAM = S2TSJLCP8M;
				INFOPLIST_FILE = "pokemon-team-builder/Info.plist";
				LD_RUNPATH_SEARCH_PATHS = (
					"$(inherited)",
					"@executable_path/Frameworks",
				);
				PRODUCT_BUNDLE_IDENTIFIER = "edu.harding.bgoff1.pokemon-team-builder";
				PRODUCT_NAME = "$(TARGET_NAME)";
				SWIFT_VERSION = 4.2;
				TARGETED_DEVICE_FAMILY = "1,2";
			};
			name = Debug;
		};
		1D102351225D1A99000A33DF /* Release */ = {
			isa = XCBuildConfiguration;
			buildSettings = {
				ASSETCATALOG_COMPILER_APPICON_NAME = AppIcon;
				CODE_SIGN_STYLE = Automatic;
				DEVELOPMENT_TEAM = S2TSJLCP8M;
				INFOPLIST_FILE = "pokemon-team-builder/Info.plist";
				LD_RUNPATH_SEARCH_PATHS = (
					"$(inherited)",
					"@executable_path/Frameworks",
				);
				PRODUCT_BUNDLE_IDENTIFIER = "edu.harding.bgoff1.pokemon-team-builder";
				PRODUCT_NAME = "$(TARGET_NAME)";
				SWIFT_VERSION = 4.2;
				TARGETED_DEVICE_FAMILY = "1,2";
			};
			name = Release;
		};
/* End XCBuildConfiguration section */

/* Begin XCConfigurationList section */
		1D102338225D1A98000A33DF /* Build configuration list for PBXProject "pokemon-team-builder" */ = {
			isa = XCConfigurationList;
			buildConfigurations = (
				1D10234D225D1A99000A33DF /* Debug */,
				1D10234E225D1A99000A33DF /* Release */,
			);
			defaultConfigurationIsVisible = 0;
			defaultConfigurationName = Release;
		};
		1D10234F225D1A99000A33DF /* Build configuration list for PBXNativeTarget "pokemon-team-builder" */ = {
			isa = XCConfigurationList;
			buildConfigurations = (
				1D102350225D1A99000A33DF /* Debug */,
				1D102351225D1A99000A33DF /* Release */,
			);
			defaultConfigurationIsVisible = 0;
			defaultConfigurationName = Release;
		};
/* End XCConfigurationList section */
	};
	rootObject = 1D102335225D1A98000A33DF /* Project object */;
}
